// !$*UTF8*$!
{
	archiveVersion = 1;
	classes = {
	};
	objectVersion = 56;
	objects = {

/* Begin PBXBuildFile section */
		A00000000000000000000001 /* NextIterationAnalysisApp.swift in Sources */ = {isa = PBXBuildFile; fileRef = B00000000000000000000001 /* NextIterationAnalysisApp.swift */; };
		A00000000000000000000002 /* LiftModels.swift in Sources */ = {isa = PBXBuildFile; fileRef = B00000000000000000000002 /* LiftModels.swift */; };
		A00000000000000000000003 /* SampleData.swift in Sources */ = {isa = PBXBuildFile; fileRef = B00000000000000000000003 /* SampleData.swift */; };
		A00000000000000000000004 /* LocalStorageService.swift in Sources */ = {isa = PBXBuildFile; fileRef = B00000000000000000000004 /* LocalStorageService.swift */; };
		A00000000000000000000005 /* VideoImportService.swift in Sources */ = {isa = PBXBuildFile; fileRef = B00000000000000000000005 /* VideoImportService.swift */; };
		A00000000000000000000006 /* BarPathTracker.swift in Sources */ = {isa = PBXBuildFile; fileRef = B00000000000000000000006 /* BarPathTracker.swift */; };
		A00000000000000000000007 /* LiftMetricsCalculator.swift in Sources */ = {isa = PBXBuildFile; fileRef = B00000000000000000000007 /* LiftMetricsCalculator.swift */; };
		A00000000000000000000008 /* TechniqueRuleEngine.swift in Sources */ = {isa = PBXBuildFile; fileRef = B00000000000000000000008 /* TechniqueRuleEngine.swift */; };
		A00000000000000000000009 /* WeightRecommendationService.swift in Sources */ = {isa = PBXBuildFile; fileRef = B00000000000000000000009 /* WeightRecommendationService.swift */; };
		A00000000000000000000010 /* ExportServices.swift in Sources */ = {isa = PBXBuildFile; fileRef = B00000000000000000000010 /* ExportServices.swift */; };
		A00000000000000000000011 /* AIAnalysisService.swift in Sources */ = {isa = PBXBuildFile; fileRef = B00000000000000000000011 /* AIAnalysisService.swift */; };
		A00000000000000000000012 /* Formatting.swift in Sources */ = {isa = PBXBuildFile; fileRef = B00000000000000000000012 /* Formatting.swift */; };
		A00000000000000000000013 /* SmoothingUtils.swift in Sources */ = {isa = PBXBuildFile; fileRef = B00000000000000000000013 /* SmoothingUtils.swift */; };
		A00000000000000000000014 /* FlowViewModels.swift in Sources */ = {isa = PBXBuildFile; fileRef = B00000000000000000000014 /* FlowViewModels.swift */; };
		A00000000000000000000015 /* HomeView.swift in Sources */ = {isa = PBXBuildFile; fileRef = B00000000000000000000015 /* HomeView.swift */; };
		A00000000000000000000016 /* VideoImportView.swift in Sources */ = {isa = PBXBuildFile; fileRef = B00000000000000000000016 /* VideoImportView.swift */; };
		A00000000000000000000017 /* LiftDetailsView.swift in Sources */ = {isa = PBXBuildFile; fileRef = B00000000000000000000017 /* LiftDetailsView.swift */; };
		A00000000000000000000018 /* PointSelectionView.swift in Sources */ = {isa = PBXBuildFile; fileRef = B00000000000000000000018 /* PointSelectionView.swift */; };
		A00000000000000000000019 /* AnalysisProgressView.swift in Sources */ = {isa = PBXBuildFile; fileRef = B00000000000000000000019 /* AnalysisProgressView.swift */; };
		A00000000000000000000020 /* AnalysisResultsView.swift in Sources */ = {isa = PBXBuildFile; fileRef = B00000000000000000000020 /* AnalysisResultsView.swift */; };
		A00000000000000000000021 /* VideoOverlayPlayerView.swift in Sources */ = {isa = PBXBuildFile; fileRef = B00000000000000000000021 /* VideoOverlayPlayerView.swift */; };
		A00000000000000000000022 /* MetricsView.swift in Sources */ = {isa = PBXBuildFile; fileRef = B00000000000000000000022 /* MetricsView.swift */; };
		A00000000000000000000023 /* TechniqueCritiqueView.swift in Sources */ = {isa = PBXBuildFile; fileRef = B00000000000000000000023 /* TechniqueCritiqueView.swift */; };
		A00000000000000000000024 /* RecommendationView.swift in Sources */ = {isa = PBXBuildFile; fileRef = B00000000000000000000024 /* RecommendationView.swift */; };
		A00000000000000000000025 /* SideBySideComparisonView.swift in Sources */ = {isa = PBXBuildFile; fileRef = B00000000000000000000025 /* SideBySideComparisonView.swift */; };
		A00000000000000000000026 /* Assets.xcassets in Resources */ = {isa = PBXBuildFile; fileRef = B00000000000000000000027 /* Assets.xcassets */; };
/* End PBXBuildFile section */

/* Begin PBXFileReference section */
		B00000000000000000000001 /* NextIterationAnalysisApp.swift */ = {isa = PBXFileReference; lastKnownFileType = sourcecode.swift; path = NextIterationAnalysisApp.swift; sourceTree = "<group>"; };
		B00000000000000000000002 /* LiftModels.swift */ = {isa = PBXFileReference; lastKnownFileType = sourcecode.swift; path = LiftModels.swift; sourceTree = "<group>"; };
		B00000000000000000000003 /* SampleData.swift */ = {isa = PBXFileReference; lastKnownFileType = sourcecode.swift; path = SampleData.swift; sourceTree = "<group>"; };
		B00000000000000000000004 /* LocalStorageService.swift */ = {isa = PBXFileReference; lastKnownFileType = sourcecode.swift; path = LocalStorageService.swift; sourceTree = "<group>"; };
		B00000000000000000000005 /* VideoImportService.swift */ = {isa = PBXFileReference; lastKnownFileType = sourcecode.swift; path = VideoImportService.swift; sourceTree = "<group>"; };
		B00000000000000000000006 /* BarPathTracker.swift */ = {isa = PBXFileReference; lastKnownFileType = sourcecode.swift; path = BarPathTracker.swift; sourceTree = "<group>"; };
		B00000000000000000000007 /* LiftMetricsCalculator.swift */ = {isa = PBXFileReference; lastKnownFileType = sourcecode.swift; path = LiftMetricsCalculator.swift; sourceTree = "<group>"; };
		B00000000000000000000008 /* TechniqueRuleEngine.swift */ = {isa = PBXFileReference; lastKnownFileType = sourcecode.swift; path = TechniqueRuleEngine.swift; sourceTree = "<group>"; };
		B00000000000000000000009 /* WeightRecommendationService.swift */ = {isa = PBXFileReference; lastKnownFileType = sourcecode.swift; path = WeightRecommendationService.swift; sourceTree = "<group>"; };
		B00000000000000000000010 /* ExportServices.swift */ = {isa = PBXFileReference; lastKnownFileType = sourcecode.swift; path = ExportServices.swift; sourceTree = "<group>"; };
		B00000000000000000000011 /* AIAnalysisService.swift */ = {isa = PBXFileReference; lastKnownFileType = sourcecode.swift; path = AIAnalysisService.swift; sourceTree = "<group>"; };
		B00000000000000000000012 /* Formatting.swift */ = {isa = PBXFileReference; lastKnownFileType = sourcecode.swift; path = Formatting.swift; sourceTree = "<group>"; };
		B00000000000000000000013 /* SmoothingUtils.swift */ = {isa = PBXFileReference; lastKnownFileType = sourcecode.swift; path = SmoothingUtils.swift; sourceTree = "<group>"; };
		B00000000000000000000014 /* FlowViewModels.swift */ = {isa = PBXFileReference; lastKnownFileType = sourcecode.swift; path = FlowViewModels.swift; sourceTree = "<group>"; };
		B00000000000000000000015 /* HomeView.swift */ = {isa = PBXFileReference; lastKnownFileType = sourcecode.swift; path = HomeView.swift; sourceTree = "<group>"; };
		B00000000000000000000016 /* VideoImportView.swift */ = {isa = PBXFileReference; lastKnownFileType = sourcecode.swift; path = VideoImportView.swift; sourceTree = "<group>"; };
		B00000000000000000000017 /* LiftDetailsView.swift */ = {isa = PBXFileReference; lastKnownFileType = sourcecode.swift; path = LiftDetailsView.swift; sourceTree = "<group>"; };
		B00000000000000000000018 /* PointSelectionView.swift */ = {isa = PBXFileReference; lastKnownFileType = sourcecode.swift; path = PointSelectionView.swift; sourceTree = "<group>"; };
		B00000000000000000000019 /* AnalysisProgressView.swift */ = {isa = PBXFileReference; lastKnownFileType = sourcecode.swift; path = AnalysisProgressView.swift; sourceTree = "<group>"; };
		B00000000000000000000020 /* AnalysisResultsView.swift */ = {isa = PBXFileReference; lastKnownFileType = sourcecode.swift; path = AnalysisResultsView.swift; sourceTree = "<group>"; };
		B00000000000000000000021 /* VideoOverlayPlayerView.swift */ = {isa = PBXFileReference; lastKnownFileType = sourcecode.swift; path = VideoOverlayPlayerView.swift; sourceTree = "<group>"; };
		B00000000000000000000022 /* MetricsView.swift */ = {isa = PBXFileReference; lastKnownFileType = sourcecode.swift; path = MetricsView.swift; sourceTree = "<group>"; };
		B00000000000000000000023 /* TechniqueCritiqueView.swift */ = {isa = PBXFileReference; lastKnownFileType = sourcecode.swift; path = TechniqueCritiqueView.swift; sourceTree = "<group>"; };
		B00000000000000000000024 /* RecommendationView.swift */ = {isa = PBXFileReference; lastKnownFileType = sourcecode.swift; path = RecommendationView.swift; sourceTree = "<group>"; };
		B00000000000000000000025 /* SideBySideComparisonView.swift */ = {isa = PBXFileReference; lastKnownFileType = sourcecode.swift; path = SideBySideComparisonView.swift; sourceTree = "<group>"; };
		B00000000000000000000026 /* Info.plist */ = {isa = PBXFileReference; lastKnownFileType = text.plist.xml; path = Info.plist; sourceTree = "<group>"; };
		B00000000000000000000027 /* Assets.xcassets */ = {isa = PBXFileReference; lastKnownFileType = folder.assetcatalog; path = Assets.xcassets; sourceTree = "<group>"; };
		B00000000000000000000028 /* Next Iteration Analysis.app */ = {isa = PBXFileReference; explicitFileType = wrapper.application; includeInIndex = 0; path = "Next Iteration Analysis.app"; sourceTree = BUILT_PRODUCTS_DIR; };
/* End PBXFileReference section */

/* Begin PBXFrameworksBuildPhase section */
		C00000000000000000000001 /* Frameworks */ = {
			isa = PBXFrameworksBuildPhase;
			buildActionMask = 2147483647;
			files = (
			);
			runOnlyForDeploymentPostprocessing = 0;
		};
/* End PBXFrameworksBuildPhase section */

/* Begin PBXGroup section */
		D00000000000000000000001 = {
			isa = PBXGroup;
			children = (
				D00000000000000000000002 /* NextIterationAnalysis */,
				D00000000000000000000009 /* Products */,
			);
			sourceTree = "<group>";
		};
		D00000000000000000000002 /* NextIterationAnalysis */ = {
			isa = PBXGroup;
			children = (
				D00000000000000000000003 /* App */,
				D00000000000000000000004 /* Models */,
				D00000000000000000000005 /* Views */,
				D00000000000000000000006 /* ViewModels */,
				D00000000000000000000007 /* Services */,
				D00000000000000000000008 /* Utilities */,
				D00000000000000000000010 /* Resources */,
			);
			path = NextIterationAnalysis;
			sourceTree = "<group>";
		};
		D00000000000000000000003 /* App */ = {
			isa = PBXGroup;
			children = (
				B00000000000000000000001 /* NextIterationAnalysisApp.swift */,
			);
			path = App;
			sourceTree = "<group>";
		};
		D00000000000000000000004 /* Models */ = {
			isa = PBXGroup;
			children = (
				B00000000000000000000002 /* LiftModels.swift */,
				B00000000000000000000003 /* SampleData.swift */,
			);
			path = Models;
			sourceTree = "<group>";
		};
		D00000000000000000000005 /* Views */ = {
			isa = PBXGroup;
			children = (
				B00000000000000000000015 /* HomeView.swift */,
				B00000000000000000000016 /* VideoImportView.swift */,
				B00000000000000000000017 /* LiftDetailsView.swift */,
				B00000000000000000000018 /* PointSelectionView.swift */,
				B00000000000000000000019 /* AnalysisProgressView.swift */,
				B00000000000000000000020 /* AnalysisResultsView.swift */,
				B00000000000000000000021 /* VideoOverlayPlayerView.swift */,
				B00000000000000000000022 /* MetricsView.swift */,
				B00000000000000000000023 /* TechniqueCritiqueView.swift */,
				B00000000000000000000024 /* RecommendationView.swift */,
				B00000000000000000000025 /* SideBySideComparisonView.swift */,
			);
			path = Views;
			sourceTree = "<group>";
		};
		D00000000000000000000006 /* ViewModels */ = {
			isa = PBXGroup;
			children = (
				B00000000000000000000014 /* FlowViewModels.swift */,
			);
			path = ViewModels;
			sourceTree = "<group>";
		};
		D00000000000000000000007 /* Services */ = {
			isa = PBXGroup;
			children = (
				B00000000000000000000004 /* LocalStorageService.swift */,
				B00000000000000000000005 /* VideoImportService.swift */,
				B00000000000000000000006 /* BarPathTracker.swift */,
				B00000000000000000000007 /* LiftMetricsCalculator.swift */,
				B00000000000000000000008 /* TechniqueRuleEngine.swift */,
				B00000000000000000000009 /* WeightRecommendationService.swift */,
				B00000000000000000000010 /* ExportServices.swift */,
				B00000000000000000000011 /* AIAnalysisService.swift */,
			);
			path = Services;
			sourceTree = "<group>";
		};
		D00000000000000000000008 /* Utilities */ = {
			isa = PBXGroup;
			children = (
				B00000000000000000000012 /* Formatting.swift */,
				B00000000000000000000013 /* SmoothingUtils.swift */,
			);
			path = Utilities;
			sourceTree = "<group>";
		};
		D00000000000000000000009 /* Products */ = {
			isa = PBXGroup;
			children = (
				B00000000000000000000028 /* Next Iteration Analysis.app */,
			);
			name = Products;
			sourceTree = "<group>";
		};
		D00000000000000000000010 /* Resources */ = {
			isa = PBXGroup;
			children = (
				B00000000000000000000026 /* Info.plist */,
				B00000000000000000000027 /* Assets.xcassets */,
			);
			path = Resources;
			sourceTree = "<group>";
		};
/* End PBXGroup section */

/* Begin PBXNativeTarget section */
		E00000000000000000000001 /* NextIterationAnalysis */ = {
			isa = PBXNativeTarget;
			buildConfigurationList = F00000000000000000000003 /* Build configuration list for PBXNativeTarget "NextIterationAnalysis" */;
			buildPhases = (
				C00000000000000000000002 /* Sources */,
				C00000000000000000000001 /* Frameworks */,
				C00000000000000000000003 /* Resources */,
			);
			buildRules = (
			);
			dependencies = (
			);
			name = NextIterationAnalysis;
			productName = NextIterationAnalysis;
			productReference = B00000000000000000000028 /* Next Iteration Analysis.app */;
			productType = "com.apple.product-type.application";
		};
/* End PBXNativeTarget section */

/* Begin PBXProject section */
		E00000000000000000000002 /* Project object */ = {
			isa = PBXProject;
			attributes = {
				BuildIndependentTargetsInParallel = 1;
				LastSwiftUpdateCheck = 1500;
				LastUpgradeCheck = 1500;
				TargetAttributes = {
					E00000000000000000000001 = {
						CreatedOnToolsVersion = 15.0;
					};
				};
			};
			buildConfigurationList = F00000000000000000000001 /* Build configuration list for PBXProject "NextIterationAnalysis" */;
			compatibilityVersion = "Xcode 14.0";
			developmentRegion = en;
			hasScannedForEncodings = 0;
			knownRegions = (
				en,
				Base,
			);
			mainGroup = D00000000000000000000001;
			productRefGroup = D00000000000000000000009 /* Products */;
			projectDirPath = "";
			projectRoot = "";
			targets = (
				E00000000000000000000001 /* NextIterationAnalysis */,
			);
		};
/* End PBXProject section */

/* Begin PBXResourcesBuildPhase section */
		C00000000000000000000003 /* Resources */ = {
			isa = PBXResourcesBuildPhase;
			buildActionMask = 2147483647;
			files = (
				A00000000000000000000026 /* Assets.xcassets in Resources */,
			);
			runOnlyForDeploymentPostprocessing = 0;
		};
/* End PBXResourcesBuildPhase section */

/* Begin PBXSourcesBuildPhase section */
		C00000000000000000000002 /* Sources */ = {
			isa = PBXSourcesBuildPhase;
			buildActionMask = 2147483647;
			files = (
				A00000000000000000000001 /* NextIterationAnalysisApp.swift in Sources */,
				A00000000000000000000002 /* LiftModels.swift in Sources */,
				A00000000000000000000003 /* SampleData.swift in Sources */,
				A00000000000000000000004 /* LocalStorageService.swift in Sources */,
				A00000000000000000000005 /* VideoImportService.swift in Sources */,
				A00000000000000000000006 /* BarPathTracker.swift in Sources */,
				A00000000000000000000007 /* LiftMetricsCalculator.swift in Sources */,
				A00000000000000000000008 /* TechniqueRuleEngine.swift in Sources */,
				A00000000000000000000009 /* WeightRecommendationService.swift in Sources */,
				A00000000000000000000010 /* ExportServices.swift in Sources */,
				A00000000000000000000011 /* AIAnalysisService.swift in Sources */,
				A00000000000000000000012 /* Formatting.swift in Sources */,
				A00000000000000000000013 /* SmoothingUtils.swift in Sources */,
				A00000000000000000000014 /* FlowViewModels.swift in Sources */,
				A00000000000000000000015 /* HomeView.swift in Sources */,
				A00000000000000000000016 /* VideoImportView.swift in Sources */,
				A00000000000000000000017 /* LiftDetailsView.swift in Sources */,
				A00000000000000000000018 /* PointSelectionView.swift in Sources */,
				A00000000000000000000019 /* AnalysisProgressView.swift in Sources */,
				A00000000000000000000020 /* AnalysisResultsView.swift in Sources */,
				A00000000000000000000021 /* VideoOverlayPlayerView.swift in Sources */,
				A00000000000000000000022 /* MetricsView.swift in Sources */,
				A00000000000000000000023 /* TechniqueCritiqueView.swift in Sources */,
				A00000000000000000000024 /* RecommendationView.swift in Sources */,
				A00000000000000000000025 /* SideBySideComparisonView.swift in Sources */,
			);
			runOnlyForDeploymentPostprocessing = 0;
		};
/* End PBXSourcesBuildPhase section */

/* Begin XCBuildConfiguration section */
		F00000000000000000000004 /* Debug */ = {
			isa = XCBuildConfiguration;
			buildSettings = {
				ASSETCATALOG_COMPILER_APPICON_NAME = AppIcon;
				CODE_SIGN_STYLE = Automatic;
				CURRENT_PROJECT_VERSION = 1;
				DEVELOPMENT_TEAM = "";
				GENERATE_INFOPLIST_FILE = NO;
				INFOPLIST_FILE = NextIterationAnalysis/Resources/Info.plist;
				IPHONEOS_DEPLOYMENT_TARGET = 17.0;
				LD_RUNPATH_SEARCH_PATHS = (
					"$(inherited)",
					"@executable_path/Frameworks",
				);
				MARKETING_VERSION = 1.0;
				PRODUCT_BUNDLE_IDENTIFIER = com.example.NextIterationAnalysis;
				PRODUCT_NAME = "Next Iteration Analysis";
				SWIFT_EMIT_LOC_STRINGS = YES;
				SWIFT_VERSION = 5.0;
				TARGETED_DEVICE_FAMILY = 1;
			};
			name = Debug;
		};
		F00000000000000000000005 /* Release */ = {
			isa = XCBuildConfiguration;
			buildSettings = {
				ASSETCATALOG_COMPILER_APPICON_NAME = AppIcon;
				CODE_SIGN_STYLE = Automatic;
				CURRENT_PROJECT_VERSION = 1;
				DEVELOPMENT_TEAM = "";
				GENERATE_INFOPLIST_FILE = NO;
				INFOPLIST_FILE = NextIterationAnalysis/Resources/Info.plist;
				IPHONEOS_DEPLOYMENT_TARGET = 17.0;
				LD_RUNPATH_SEARCH_PATHS = (
					"$(inherited)",
					"@executable_path/Frameworks",
				);
				MARKETING_VERSION = 1.0;
				PRODUCT_BUNDLE_IDENTIFIER = com.example.NextIterationAnalysis;
				PRODUCT_NAME = "Next Iteration Analysis";
				SWIFT_EMIT_LOC_STRINGS = YES;
				SWIFT_VERSION = 5.0;
				TARGETED_DEVICE_FAMILY = 1;
			};
			name = Release;
		};
		F00000000000000000000006 /* Debug */ = {
			isa = XCBuildConfiguration;
			buildSettings = {
				ALWAYS_SEARCH_USER_PATHS = NO;
				CLANG_ANALYZER_NONNULL = YES;
				CLANG_ANALYZER_NUMBER_OBJECT_CONVERSION = YES_AGGRESSIVE;
				CLANG_CXX_LANGUAGE_STANDARD = "gnu++20";
				CLANG_ENABLE_MODULES = YES;
				CLANG_ENABLE_OBJC_ARC = YES;
				CLANG_ENABLE_OBJC_WEAK = YES;
				CLANG_WARN_BLOCK_CAPTURE_AUTORELEASING = YES;
				CLANG_WARN_BOOL_CONVERSION = YES;
				CLANG_WARN_COMMA = YES;
				CLANG_WARN_CONSTANT_CONVERSION = YES;
				CLANG_WARN_DEPRECATED_OBJC_IMPLEMENTATIONS = YES;
				CLANG_WARN_DIRECT_OBJC_ISA_USAGE = YES_ERROR;
				CLANG_WARN_DOCUMENTATION_COMMENTS = YES;
				CLANG_WARN_EMPTY_BODY = YES;
				CLANG_WARN_ENUM_CONVERSION = YES;
				CLANG_WARN_INFINITE_RECURSION = YES;
				CLANG_WARN_INT_CONVERSION = YES;
				CLANG_WARN_NON_LITERAL_NULL_CONVERSION = YES;
				CLANG_WARN_OBJC_IMPLICIT_RETAIN_SELF = YES;
				CLANG_WARN_OBJC_LITERAL_CONVERSION = YES;
				CLANG_WARN_OBJC_ROOT_CLASS = YES_ERROR;
				CLANG_WARN_QUOTED_INCLUDE_IN_FRAMEWORK_HEADER = YES;
				CLANG_WARN_RANGE_LOOP_ANALYSIS = YES;
				CLANG_WARN_STRICT_PROTOTYPES = YES;
				CLANG_WARN_SUSPICIOUS_MOVE = YES;
				CLANG_WARN_UNGUARDED_AVAILABILITY = YES_AGGRESSIVE;
				CLANG_WARN_UNREACHABLE_CODE = YES;
				CLANG_WARN__DUPLICATE_METHOD_MATCH = YES;
				COPY_PHASE_STRIP = NO;
				DEBUG_INFORMATION_FORMAT = dwarf;
				ENABLE_STRICT_OBJC_MSGSEND = YES;
				ENABLE_TESTABILITY = YES;
				ENABLE_USER_SCRIPT_SANDBOXING = YES;
				GCC_C_LANGUAGE_STANDARD = gnu17;
				GCC_DYNAMIC_NO_PIC = NO;
				GCC_NO_COMMON_BLOCKS = YES;
				GCC_OPTIMIZATION_LEVEL = 0;
				GCC_PREPROCESSOR_DEFINITIONS = (
					"DEBUG=1",
					"$(inherited)",
				);
				GCC_WARN_64_TO_32_BIT_CONVERSION = YES;
				GCC_WARN_ABOUT_RETURN_TYPE = YES_ERROR;
				GCC_WARN_UNDECLARED_SELECTOR = YES;
				GCC_WARN_UNINITIALIZED_AUTOS = YES_AGGRESSIVE;
				GCC_WARN_UNUSED_FUNCTION = YES;
				GCC_WARN_UNUSED_VARIABLE = YES;
				MTL_ENABLE_DEBUG_INFO = INCLUDE_SOURCE;
				MTL_FAST_MATH = YES;
				ONLY_ACTIVE_ARCH = YES;
				SDKROOT = iphoneos;
				SWIFT_ACTIVE_COMPILATION_CONDITIONS = DEBUG;
				SWIFT_OPTIMIZATION_LEVEL = "-Onone";
			};
			name = Debug;
		};
		F00000000000000000000007 /* Release */ = {
			isa = XCBuildConfiguration;
			buildSettings = {
				ALWAYS_SEARCH_USER_PATHS = NO;
				CLANG_ANALYZER_NONNULL = YES;
				CLANG_ANALYZER_NUMBER_OBJECT_CONVERSION = YES_AGGRESSIVE;
				CLANG_CXX_LANGUAGE_STANDARD = "gnu++20";
				CLANG_ENABLE_MODULES = YES;
				CLANG_ENABLE_OBJC_ARC = YES;
				CLANG_ENABLE_OBJC_WEAK = YES;
				CLANG_WARN_BLOCK_CAPTURE_AUTORELEASING = YES;
				CLANG_WARN_BOOL_CONVERSION = YES;
				CLANG_WARN_COMMA = YES;
				CLANG_WARN_CONSTANT_CONVERSION = YES;
				CLANG_WARN_DEPRECATED_OBJC_IMPLEMENTATIONS = YES;
				CLANG_WARN_DIRECT_OBJC_ISA_USAGE = YES_ERROR;
				CLANG_WARN_DOCUMENTATION_COMMENTS = YES;
				CLANG_WARN_EMPTY_BODY = YES;
				CLANG_WARN_ENUM_CONVERSION = YES;
				CLANG_WARN_INFINITE_RECURSION = YES;
				CLANG_WARN_INT_CONVERSION = YES;
				CLANG_WARN_NON_LITERAL_NULL_CONVERSION = YES;
				CLANG_WARN_OBJC_IMPLICIT_RETAIN_SELF = YES;
				CLANG_WARN_OBJC_LITERAL_CONVERSION = YES;
				CLANG_WARN_OBJC_ROOT_CLASS = YES_ERROR;
				CLANG_WARN_QUOTED_INCLUDE_IN_FRAMEWORK_HEADER = YES;
				CLANG_WARN_RANGE_LOOP_ANALYSIS = YES;
				CLANG_WARN_STRICT_PROTOTYPES = YES;
				CLANG_WARN_SUSPICIOUS_MOVE = YES;
				CLANG_WARN_UNGUARDED_AVAILABILITY = YES_AGGRESSIVE;
				CLANG_WARN_UNREACHABLE_CODE = YES;
				CLANG_WARN__DUPLICATE_METHOD_MATCH = YES;
				COPY_PHASE_STRIP = NO;
				DEBUG_INFORMATION_FORMAT = "dwarf-with-dsym";
				ENABLE_NS_ASSERTIONS = NO;
				ENABLE_STRICT_OBJC_MSGSEND = YES;
				ENABLE_USER_SCRIPT_SANDBOXING = YES;
				GCC_C_LANGUAGE_STANDARD = gnu17;
				GCC_NO_COMMON_BLOCKS = YES;
				GCC_WARN_64_TO_32_BIT_CONVERSION = YES;
				GCC_WARN_ABOUT_RETURN_TYPE = YES_ERROR;
				GCC_WARN_UNDECLARED_SELECTOR = YES;
				GCC_WARN_UNINITIALIZED_AUTOS = YES_AGGRESSIVE;
				GCC_WARN_UNUSED_FUNCTION = YES;
				GCC_WARN_UNUSED_VARIABLE = YES;
				MTL_ENABLE_DEBUG_INFO = NO;
				MTL_FAST_MATH = YES;
				SDKROOT = iphoneos;
				SWIFT_COMPILATION_MODE = wholemodule;
				VALIDATE_PRODUCT = YES;
			};
			name = Release;
		};
/* End XCBuildConfiguration section */

/* Begin XCConfigurationList section */
		F00000000000000000000001 /* Build configuration list for PBXProject "NextIterationAnalysis" */ = {
			isa = XCConfigurationList;
			buildConfigurations = (
				F00000000000000000000006 /* Debug */,
				F00000000000000000000007 /* Release */,
			);
			defaultConfigurationIsVisible = 0;
			defaultConfigurationName = Release;
		};
		F00000000000000000000003 /* Build configuration list for PBXNativeTarget "NextIterationAnalysis" */ = {
			isa = XCConfigurationList;
			buildConfigurations = (
				F00000000000000000000004 /* Debug */,
				F00000000000000000000005 /* Release */,
			);
			defaultConfigurationIsVisible = 0;
			defaultConfigurationName = Release;
		};
/* End XCConfigurationList section */
	};
	rootObject = E00000000000000000000002 /* Project object */;
}
